// !$*UTF8*$!
{
	archiveVersion = 1;
	classes = {
	};
	objectVersion = 48;
	objects = {

/* Begin PBXBuildFile section */
		64115871201A749000D54C8C /* GameOfLifeViewController.swift in Sources */ = {isa = PBXBuildFile; fileRef = 64115870201A749000D54C8C /* GameOfLifeViewController.swift */; };
		64115873201A749300D54C8C /* GameOfLifeBoard.swift in Sources */ = {isa = PBXBuildFile; fileRef = 64115872201A749300D54C8C /* GameOfLifeBoard.swift */; };
		642201A7200929630046CC28 /* QuickGamesTests.swift in Sources */ = {isa = PBXBuildFile; fileRef = 642201A6200929630046CC28 /* QuickGamesTests.swift */; };
		646051B61FDCB1F60012156D /* AppDelegate.swift in Sources */ = {isa = PBXBuildFile; fileRef = 646051B51FDCB1F60012156D /* AppDelegate.swift */; };
		646051BB1FDCB1F60012156D /* Main.storyboard in Resources */ = {isa = PBXBuildFile; fileRef = 646051B91FDCB1F60012156D /* Main.storyboard */; };
		646051BD1FDCB1F60012156D /* Assets.xcassets in Resources */ = {isa = PBXBuildFile; fileRef = 646051BC1FDCB1F60012156D /* Assets.xcassets */; };
		646051C01FDCB1F60012156D /* LaunchScreen.storyboard in Resources */ = {isa = PBXBuildFile; fileRef = 646051BE1FDCB1F60012156D /* LaunchScreen.storyboard */; };
		646051C91FDCB2AB0012156D /* TicTacToeViewController.swift in Sources */ = {isa = PBXBuildFile; fileRef = 646051C81FDCB2AB0012156D /* TicTacToeViewController.swift */; };
		646051CB1FDCB3600012156D /* TicTacToeView.swift in Sources */ = {isa = PBXBuildFile; fileRef = 646051CA1FDCB3600012156D /* TicTacToeView.swift */; };
		6473D4641FFAF85700C388F5 /* ConnectFourViewController.swift in Sources */ = {isa = PBXBuildFile; fileRef = 6473D4631FFAF85700C388F5 /* ConnectFourViewController.swift */; };
		6473D4661FFAF87500C388F5 /* MainViewController.swift in Sources */ = {isa = PBXBuildFile; fileRef = 6473D4651FFAF87500C388F5 /* MainViewController.swift */; };
		6473D4681FFAFDA800C388F5 /* ConnectFourBoard.swift in Sources */ = {isa = PBXBuildFile; fileRef = 6473D4671FFAFDA800C388F5 /* ConnectFourBoard.swift */; };
/* End PBXBuildFile section */

/* Begin PBXContainerItemProxy section */
		6422019B200927FC0046CC28 /* PBXContainerItemProxy */ = {
			isa = PBXContainerItemProxy;
			containerPortal = 646051AA1FDCB1F60012156D /* Project object */;
			proxyType = 1;
			remoteGlobalIDString = 646051B11FDCB1F60012156D;
			remoteInfo = QuickGames;
		};
		642201A9200929630046CC28 /* PBXContainerItemProxy */ = {
			isa = PBXContainerItemProxy;
			containerPortal = 646051AA1FDCB1F60012156D /* Project object */;
			proxyType = 1;
			remoteGlobalIDString = 646051B11FDCB1F60012156D;
			remoteInfo = QuickGames;
		};
/* End PBXContainerItemProxy section */

/* Begin PBXFileReference section */
		64115870201A749000D54C8C /* GameOfLifeViewController.swift */ = {isa = PBXFileReference; lastKnownFileType = sourcecode.swift; name = GameOfLifeViewController.swift; path = /Users/lilysong/Developer/QuickGames/QuickGames/GameOfLifeViewController.swift; sourceTree = "<absolute>"; };
		64115872201A749300D54C8C /* GameOfLifeBoard.swift */ = {isa = PBXFileReference; lastKnownFileType = sourcecode.swift; name = GameOfLifeBoard.swift; path = /Users/lilysong/Developer/QuickGames/QuickGames/GameOfLifeBoard.swift; sourceTree = "<absolute>"; };
		64220196200927FB0046CC28 /* TicTacToeTests.xctest */ = {isa = PBXFileReference; explicitFileType = wrapper.cfbundle; includeInIndex = 0; path = TicTacToeTests.xctest; sourceTree = BUILT_PRODUCTS_DIR; };
		642201A4200929630046CC28 /* QuickGamesTests.xctest */ = {isa = PBXFileReference; explicitFileType = wrapper.cfbundle; includeInIndex = 0; path = QuickGamesTests.xctest; sourceTree = BUILT_PRODUCTS_DIR; };
		642201A6200929630046CC28 /* QuickGamesTests.swift */ = {isa = PBXFileReference; lastKnownFileType = sourcecode.swift; path = QuickGamesTests.swift; sourceTree = "<group>"; };
		642201A8200929630046CC28 /* Info.plist */ = {isa = PBXFileReference; lastKnownFileType = text.plist.xml; path = Info.plist; sourceTree = "<group>"; };
		646051B21FDCB1F60012156D /* QuickGames.app */ = {isa = PBXFileReference; explicitFileType = wrapper.application; includeInIndex = 0; path = QuickGames.app; sourceTree = BUILT_PRODUCTS_DIR; };
		646051B51FDCB1F60012156D /* AppDelegate.swift */ = {isa = PBXFileReference; lastKnownFileType = sourcecode.swift; path = AppDelegate.swift; sourceTree = "<group>"; };
		646051BA1FDCB1F60012156D /* Base */ = {isa = PBXFileReference; lastKnownFileType = file.storyboard; name = Base; path = Base.lproj/Main.storyboard; sourceTree = "<group>"; };
		646051BC1FDCB1F60012156D /* Assets.xcassets */ = {isa = PBXFileReference; lastKnownFileType = folder.assetcatalog; path = Assets.xcassets; sourceTree = "<group>"; };
		646051BF1FDCB1F60012156D /* Base */ = {isa = PBXFileReference; lastKnownFileType = file.storyboard; name = Base; path = Base.lproj/LaunchScreen.storyboard; sourceTree = "<group>"; };
		646051C11FDCB1F60012156D /* Info.plist */ = {isa = PBXFileReference; lastKnownFileType = text.plist.xml; path = Info.plist; sourceTree = "<group>"; };
		646051C81FDCB2AB0012156D /* TicTacToeViewController.swift */ = {isa = PBXFileReference; lastKnownFileType = sourcecode.swift; path = TicTacToeViewController.swift; sourceTree = "<group>"; };
		646051CA1FDCB3600012156D /* TicTacToeView.swift */ = {isa = PBXFileReference; lastKnownFileType = sourcecode.swift; path = TicTacToeView.swift; sourceTree = "<group>"; };
		6473D4631FFAF85700C388F5 /* ConnectFourViewController.swift */ = {isa = PBXFileReference; lastKnownFileType = sourcecode.swift; path = ConnectFourViewController.swift; sourceTree = "<group>"; };
		6473D4651FFAF87500C388F5 /* MainViewController.swift */ = {isa = PBXFileReference; lastKnownFileType = sourcecode.swift; path = MainViewController.swift; sourceTree = "<group>"; };
		6473D4671FFAFDA800C388F5 /* ConnectFourBoard.swift */ = {isa = PBXFileReference; lastKnownFileType = sourcecode.swift; path = ConnectFourBoard.swift; sourceTree = "<group>"; };
/* End PBXFileReference section */

/* Begin PBXFrameworksBuildPhase section */
		64220193200927FB0046CC28 /* Frameworks */ = {
			isa = PBXFrameworksBuildPhase;
			buildActionMask = 2147483647;
			files = (
			);
			runOnlyForDeploymentPostprocessing = 0;
		};
		642201A1200929630046CC28 /* Frameworks */ = {
			isa = PBXFrameworksBuildPhase;
			buildActionMask = 2147483647;
			files = (
			);
			runOnlyForDeploymentPostprocessing = 0;
		};
		646051AF1FDCB1F60012156D /* Frameworks */ = {
			isa = PBXFrameworksBuildPhase;
			buildActionMask = 2147483647;
			files = (
			);
			runOnlyForDeploymentPostprocessing = 0;
		};
/* End PBXFrameworksBuildPhase section */

/* Begin PBXGroup section */
		642201A5200929630046CC28 /* QuickGamesTests */ = {
			isa = PBXGroup;
			children = (
				642201A6200929630046CC28 /* QuickGamesTests.swift */,
				642201A8200929630046CC28 /* Info.plist */,
			);
			path = QuickGamesTests;
			sourceTree = "<group>";
		};
		646051A91FDCB1F60012156D = {
			isa = PBXGroup;
			children = (
				646051B41FDCB1F60012156D /* QuickGames */,
				642201A5200929630046CC28 /* QuickGamesTests */,
				646051B31FDCB1F60012156D /* Products */,
			);
			sourceTree = "<group>";
		};
		646051B31FDCB1F60012156D /* Products */ = {
			isa = PBXGroup;
			children = (
				646051B21FDCB1F60012156D /* QuickGames.app */,
				64220196200927FB0046CC28 /* TicTacToeTests.xctest */,
				642201A4200929630046CC28 /* QuickGamesTests.xctest */,
			);
			name = Products;
			sourceTree = "<group>";
		};
		646051B41FDCB1F60012156D /* QuickGames */ = {
			isa = PBXGroup;
			children = (
				646051B91FDCB1F60012156D /* Main.storyboard */,
				6473D4651FFAF87500C388F5 /* MainViewController.swift */,
				646051C81FDCB2AB0012156D /* TicTacToeViewController.swift */,
				646051CA1FDCB3600012156D /* TicTacToeView.swift */,
				6473D4631FFAF85700C388F5 /* ConnectFourViewController.swift */,
				6473D4671FFAFDA800C388F5 /* ConnectFourBoard.swift */,
				64115870201A749000D54C8C /* GameOfLifeViewController.swift */,
				64115872201A749300D54C8C /* GameOfLifeBoard.swift */,
				646051C11FDCB1F60012156D /* Info.plist */,
				646051C71FDCB2030012156D /* Supporting Files */,
			);
			path = QuickGames;
			sourceTree = "<group>";
		};
		646051C71FDCB2030012156D /* Supporting Files */ = {
			isa = PBXGroup;
			children = (
				646051B51FDCB1F60012156D /* AppDelegate.swift */,
				646051BC1FDCB1F60012156D /* Assets.xcassets */,
				646051BE1FDCB1F60012156D /* LaunchScreen.storyboard */,
			);
			path = "Supporting Files";
			sourceTree = "<group>";
		};
/* End PBXGroup section */

/* Begin PBXNativeTarget section */
		64220195200927FB0046CC28 /* TicTacToeTests */ = {
			isa = PBXNativeTarget;
			buildConfigurationList = 6422019F200927FC0046CC28 /* Build configuration list for PBXNativeTarget "TicTacToeTests" */;
			buildPhases = (
				64220192200927FB0046CC28 /* Sources */,
				64220193200927FB0046CC28 /* Frameworks */,
				64220194200927FB0046CC28 /* Resources */,
			);
			buildRules = (
			);
			dependencies = (
				6422019C200927FC0046CC28 /* PBXTargetDependency */,
			);
			name = TicTacToeTests;
			productName = TicTacToeTests;
			productReference = 64220196200927FB0046CC28 /* TicTacToeTests.xctest */;
			productType = "com.apple.product-type.bundle.unit-test";
		};
		642201A3200929630046CC28 /* QuickGamesTests */ = {
			isa = PBXNativeTarget;
			buildConfigurationList = 642201AB200929630046CC28 /* Build configuration list for PBXNativeTarget "QuickGamesTests" */;
			buildPhases = (
				642201A0200929630046CC28 /* Sources */,
				642201A1200929630046CC28 /* Frameworks */,
				642201A2200929630046CC28 /* Resources */,
			);
			buildRules = (
			);
			dependencies = (
				642201AA200929630046CC28 /* PBXTargetDependency */,
			);
			name = QuickGamesTests;
			productName = QuickGamesTests;
			productReference = 642201A4200929630046CC28 /* QuickGamesTests.xctest */;
			productType = "com.apple.product-type.bundle.unit-test";
		};
		646051B11FDCB1F60012156D /* QuickGames */ = {
			isa = PBXNativeTarget;
			buildConfigurationList = 646051C41FDCB1F60012156D /* Build configuration list for PBXNativeTarget "QuickGames" */;
			buildPhases = (
				646051AE1FDCB1F60012156D /* Sources */,
				646051AF1FDCB1F60012156D /* Frameworks */,
				646051B01FDCB1F60012156D /* Resources */,
			);
			buildRules = (
			);
			dependencies = (
			);
			name = QuickGames;
			productName = QuickGames;
			productReference = 646051B21FDCB1F60012156D /* QuickGames.app */;
			productType = "com.apple.product-type.application";
		};
/* End PBXNativeTarget section */

/* Begin PBXProject section */
		646051AA1FDCB1F60012156D /* Project object */ = {
			isa = PBXProject;
			attributes = {
				LastSwiftUpdateCheck = 0920;
				LastUpgradeCheck = 0920;
				ORGANIZATIONNAME = "Lily Song";
				TargetAttributes = {
					64220195200927FB0046CC28 = {
						CreatedOnToolsVersion = 9.2;
						ProvisioningStyle = Automatic;
						TestTargetID = 646051B11FDCB1F60012156D;
					};
					642201A3200929630046CC28 = {
						CreatedOnToolsVersion = 9.2;
						ProvisioningStyle = Automatic;
						TestTargetID = 646051B11FDCB1F60012156D;
					};
					646051B11FDCB1F60012156D = {
						CreatedOnToolsVersion = 9.2;
						ProvisioningStyle = Automatic;
					};
				};
			};
			buildConfigurationList = 646051AD1FDCB1F60012156D /* Build configuration list for PBXProject "QuickGames" */;
			compatibilityVersion = "Xcode 8.0";
			developmentRegion = en;
			hasScannedForEncodings = 0;
			knownRegions = (
				en,
				Base,
			);
			mainGroup = 646051A91FDCB1F60012156D;
			productRefGroup = 646051B31FDCB1F60012156D /* Products */;
			projectDirPath = "";
			projectRoot = "";
			targets = (
				646051B11FDCB1F60012156D /* QuickGames */,
				64220195200927FB0046CC28 /* TicTacToeTests */,
				642201A3200929630046CC28 /* QuickGamesTests */,
			);
		};
/* End PBXProject section */

/* Begin PBXResourcesBuildPhase section */
		64220194200927FB0046CC28 /* Resources */ = {
			isa = PBXResourcesBuildPhase;
			buildActionMask = 2147483647;
			files = (
			);
			runOnlyForDeploymentPostprocessing = 0;
		};
		642201A2200929630046CC28 /* Resources */ = {
			isa = PBXResourcesBuildPhase;
			buildActionMask = 2147483647;
			files = (
			);
			runOnlyForDeploymentPostprocessing = 0;
		};
		646051B01FDCB1F60012156D /* Resources */ = {
			isa = PBXResourcesBuildPhase;
			buildActionMask = 2147483647;
			files = (
				646051C01FDCB1F60012156D /* LaunchScreen.storyboard in Resources */,
				646051BD1FDCB1F60012156D /* Assets.xcassets in Resources */,
				646051BB1FDCB1F60012156D /* Main.storyboard in Resources */,
			);
			runOnlyForDeploymentPostprocessing = 0;
		};
/* End PBXResourcesBuildPhase section */

/* Begin PBXSourcesBuildPhase section */
		64220192200927FB0046CC28 /* Sources */ = {
			isa = PBXSourcesBuildPhase;
			buildActionMask = 2147483647;
			files = (
			);
			runOnlyForDeploymentPostprocessing = 0;
		};
		642201A0200929630046CC28 /* Sources */ = {
			isa = PBXSourcesBuildPhase;
			buildActionMask = 2147483647;
			files = (
				642201A7200929630046CC28 /* QuickGamesTests.swift in Sources */,
			);
			runOnlyForDeploymentPostprocessing = 0;
		};
		646051AE1FDCB1F60012156D /* Sources */ = {
			isa = PBXSourcesBuildPhase;
			buildActionMask = 2147483647;
			files = (
				646051CB1FDCB3600012156D /* TicTacToeView.swift in Sources */,
				646051B61FDCB1F60012156D /* AppDelegate.swift in Sources */,
				646051C91FDCB2AB0012156D /* TicTacToeViewController.swift in Sources */,
				6473D4641FFAF85700C388F5 /* ConnectFourViewController.swift in Sources */,
				64115871201A749000D54C8C /* GameOfLifeViewController.swift in Sources */,
				6473D4661FFAF87500C388F5 /* MainViewController.swift in Sources */,
				6473D4681FFAFDA800C388F5 /* ConnectFourBoard.swift in Sources */,
				64115873201A749300D54C8C /* GameOfLifeBoard.swift in Sources */,
			);
			runOnlyForDeploymentPostprocessing = 0;
		};
/* End PBXSourcesBuildPhase section */

/* Begin PBXTargetDependency section */
		6422019C200927FC0046CC28 /* PBXTargetDependency */ = {
			isa = PBXTargetDependency;
			target = 646051B11FDCB1F60012156D /* QuickGames */;
			targetProxy = 6422019B200927FC0046CC28 /* PBXContainerItemProxy */;
		};
		642201AA200929630046CC28 /* PBXTargetDependency */ = {
			isa = PBXTargetDependency;
			target = 646051B11FDCB1F60012156D /* QuickGames */;
			targetProxy = 642201A9200929630046CC28 /* PBXContainerItemProxy */;
		};
/* End PBXTargetDependency section */

/* Begin PBXVariantGroup section */
		646051B91FDCB1F60012156D /* Main.storyboard */ = {
			isa = PBXVariantGroup;
			children = (
				646051BA1FDCB1F60012156D /* Base */,
			);
			name = Main.storyboard;
			sourceTree = "<group>";
		};
		646051BE1FDCB1F60012156D /* LaunchScreen.storyboard */ = {
			isa = PBXVariantGroup;
			children = (
				646051BF1FDCB1F60012156D /* Base */,
			);
			name = LaunchScreen.storyboard;
			sourceTree = "<group>";
		};
/* End PBXVariantGroup section */

/* Begin XCBuildConfiguration section */
		6422019D200927FC0046CC28 /* Debug */ = {
			isa = XCBuildConfiguration;
			buildSettings = {
				BUNDLE_LOADER = "$(TEST_HOST)";
				CODE_SIGN_STYLE = Automatic;
				DEVELOPMENT_TEAM = MW5HV27PJH;
				INFOPLIST_FILE = TicTacToeTests/Info.plist;
				LD_RUNPATH_SEARCH_PATHS = "$(inherited) @executable_path/Frameworks @loader_path/Frameworks";
				PRODUCT_BUNDLE_IDENTIFIER = com.lilysong.ios.TicTacToeTests;
				PRODUCT_NAME = "$(TARGET_NAME)";
				SWIFT_VERSION = 4.0;
				TARGETED_DEVICE_FAMILY = "1,2";
				TEST_HOST = "$(BUILT_PRODUCTS_DIR)/QuickGames.app/QuickGames";
			};
			name = Debug;
		};
		6422019E200927FC0046CC28 /* Release */ = {
			isa = XCBuildConfiguration;
			buildSettings = {
				BUNDLE_LOADER = "$(TEST_HOST)";
				CODE_SIGN_STYLE = Automatic;
				DEVELOPMENT_TEAM = MW5HV27PJH;
				INFOPLIST_FILE = TicTacToeTests/Info.plist;
				LD_RUNPATH_SEARCH_PATHS = "$(inherited) @executable_path/Frameworks @loader_path/Frameworks";
				PRODUCT_BUNDLE_IDENTIFIER = com.lilysong.ios.TicTacToeTests;
				PRODUCT_NAME = "$(TARGET_NAME)";
				SWIFT_VERSION = 4.0;
				TARGETED_DEVICE_FAMILY = "1,2";
				TEST_HOST = "$(BUILT_PRODUCTS_DIR)/QuickGames.app/QuickGames";
			};
			name = Release;
		};
		642201AC200929630046CC28 /* Debug */ = {
			isa = XCBuildConfiguration;
			buildSettings = {
				BUNDLE_LOADER = "$(TEST_HOST)";
				CODE_SIGN_STYLE = Automatic;
				DEVELOPMENT_TEAM = MW5HV27PJH;
				INFOPLIST_FILE = QuickGamesTests/Info.plist;
				LD_RUNPATH_SEARCH_PATHS = "$(inherited) @executable_path/Frameworks @loader_path/Frameworks";
				PRODUCT_BUNDLE_IDENTIFIER = com.lilysong.ios.QuickGamesTests;
				PRODUCT_NAME = "$(TARGET_NAME)";
				SWIFT_VERSION = 4.0;
				TARGETED_DEVICE_FAMILY = "1,2";
				TEST_HOST = "$(BUILT_PRODUCTS_DIR)/QuickGames.app/QuickGames";
			};
			name = Debug;
		};
		642201AD200929630046CC28 /* Release */ = {
			isa = XCBuildConfiguration;
			buildSettings = {
				BUNDLE_LOADER = "$(TEST_HOST)";
				CODE_SIGN_STYLE = Automatic;
				DEVELOPMENT_TEAM = MW5HV27PJH;
				INFOPLIST_FILE = QuickGamesTests/Info.plist;
				LD_RUNPATH_SEARCH_PATHS = "$(inherited) @executable_path/Frameworks @loader_path/Frameworks";
				PRODUCT_BUNDLE_IDENTIFIER = com.lilysong.ios.QuickGamesTests;
				PRODUCT_NAME = "$(TARGET_NAME)";
				SWIFT_VERSION = 4.0;
				TARGETED_DEVICE_FAMILY = "1,2";
				TEST_HOST = "$(BUILT_PRODUCTS_DIR)/QuickGames.app/QuickGames";
			};
			name = Release;
		};
		646051C21FDCB1F60012156D /* Debug */ = {
			isa = XCBuildConfiguration;
			buildSettings = {
				ALWAYS_SEARCH_USER_PATHS = NO;
				CLANG_ANALYZER_NONNULL = YES;
				CLANG_ANALYZER_NUMBER_OBJECT_CONVERSION = YES_AGGRESSIVE;
				CLANG_CXX_LANGUAGE_STANDARD = "gnu++14";
				CLANG_CXX_LIBRARY = "libc++";
				CLANG_ENABLE_MODULES = YES;
				CLANG_ENABLE_OBJC_ARC = YES;
				CLANG_WARN_BLOCK_CAPTURE_AUTORELEASING = YES;
				CLANG_WARN_BOOL_CONVERSION = YES;
				CLANG_WARN_COMMA = YES;
				CLANG_WARN_CONSTANT_CONVERSION = YES;
				CLANG_WARN_DIRECT_OBJC_ISA_USAGE = YES_ERROR;
				CLANG_WARN_DOCUMENTATION_COMMENTS = YES;
				CLANG_WARN_EMPTY_BODY = YES;
				CLANG_WARN_ENUM_CONVERSION = YES;
				CLANG_WARN_INFINITE_RECURSION = YES;
				CLANG_WARN_INT_CONVERSION = YES;
				CLANG_WARN_NON_LITERAL_NULL_CONVERSION = YES;
				CLANG_WARN_OBJC_LITERAL_CONVERSION = YES;
				CLANG_WARN_OBJC_ROOT_CLASS = YES_ERROR;
				CLANG_WARN_RANGE_LOOP_ANALYSIS = YES;
				CLANG_WARN_STRICT_PROTOTYPES = YES;
				CLANG_WARN_SUSPICIOUS_MOVE = YES;
				CLANG_WARN_UNGUARDED_AVAILABILITY = YES_AGGRESSIVE;
				CLANG_WARN_UNREACHABLE_CODE = YES;
				CLANG_WARN__DUPLICATE_METHOD_MATCH = YES;
				CODE_SIGN_IDENTITY = "iPhone Developer";
				COPY_PHASE_STRIP = NO;
				DEBUG_INFORMATION_FORMAT = dwarf;
				ENABLE_STRICT_OBJC_MSGSEND = YES;
				ENABLE_TESTABILITY = YES;
				GCC_C_LANGUAGE_STANDARD = gnu11;
				GCC_DYNAMIC_NO_PIC = NO;
				GCC_NO_COMMON_BLOCKS = YES;
				GCC_OPTIMIZATION_LEVEL = 0;
				GCC_PREPROCESSOR_DEFINITIONS = (
					"DEBUG=1",
					"$(inherited)",
				);
				GCC_WARN_64_TO_32_BIT_CONVERSION = YES;
				GCC_WARN_ABOUT_RETURN_TYPE = YES_ERROR;
				GCC_WARN_UNDECLARED_SELECTOR = YES;
				GCC_WARN_UNINITIALIZED_AUTOS = YES_AGGRESSIVE;
				GCC_WARN_UNUSED_FUNCTION = YES;
				GCC_WARN_UNUSED_VARIABLE = YES;
				IPHONEOS_DEPLOYMENT_TARGET = 11.2;
				MTL_ENABLE_DEBUG_INFO = YES;
				ONLY_ACTIVE_ARCH = YES;
				SDKROOT = iphoneos;
				SWIFT_ACTIVE_COMPILATION_CONDITIONS = DEBUG;
				SWIFT_OPTIMIZATION_LEVEL = "-Onone";
			};
			name = Debug;
		};
		646051C31FDCB1F60012156D /* Release */ = {
			isa = XCBuildConfiguration;
			buildSettings = {
				ALWAYS_SEARCH_USER_PATHS = NO;
				CLANG_ANALYZER_NONNULL = YES;
				CLANG_ANALYZER_NUMBER_OBJECT_CONVERSION = YES_AGGRESSIVE;
				CLANG_CXX_LANGUAGE_STANDARD = "gnu++14";
				CLANG_CXX_LIBRARY = "libc++";
				CLANG_ENABLE_MODULES = YES;
				CLANG_ENABLE_OBJC_ARC = YES;
				CLANG_WARN_BLOCK_CAPTURE_AUTORELEASING = YES;
				CLANG_WARN_BOOL_CONVERSION = YES;
				CLANG_WARN_COMMA = YES;
				CLANG_WARN_CONSTANT_CONVERSION = YES;
				CLANG_WARN_DIRECT_OBJC_ISA_USAGE = YES_ERROR;
				CLANG_WARN_DOCUMENTATION_COMMENTS = YES;
				CLANG_WARN_EMPTY_BODY = YES;
				CLANG_WARN_ENUM_CONVERSION = YES;
				CLANG_WARN_INFINITE_RECURSION = YES;
				CLANG_WARN_INT_CONVERSION = YES;
				CLANG_WARN_NON_LITERAL_NULL_CONVERSION = YES;
				CLANG_WARN_OBJC_LITERAL_CONVERSION = YES;
				CLANG_WARN_OBJC_ROOT_CLASS = YES_ERROR;
				CLANG_WARN_RANGE_LOOP_ANALYSIS = YES;
				CLANG_WARN_STRICT_PROTOTYPES = YES;
				CLANG_WARN_SUSPICIOUS_MOVE = YES;
				CLANG_WARN_UNGUARDED_AVAILABILITY = YES_AGGRESSIVE;
				CLANG_WARN_UNREACHABLE_CODE = YES;
				CLANG_WARN__DUPLICATE_METHOD_MATCH = YES;
				CODE_SIGN_IDENTITY = "iPhone Developer";
				COPY_PHASE_STRIP = NO;
				DEBUG_INFORMATION_FORMAT = "dwarf-with-dsym";
				ENABLE_NS_ASSERTIONS = NO;
				ENABLE_STRICT_OBJC_MSGSEND = YES;
				GCC_C_LANGUAGE_STANDARD = gnu11;
				GCC_NO_COMMON_BLOCKS = YES;
				GCC_WARN_64_TO_32_BIT_CONVERSION = YES;
				GCC_WARN_ABOUT_RETURN_TYPE = YES_ERROR;
				GCC_WARN_UNDECLARED_SELECTOR = YES;
				GCC_WARN_UNINITIALIZED_AUTOS = YES_AGGRESSIVE;
				GCC_WARN_UNUSED_FUNCTION = YES;
				GCC_WARN_UNUSED_VARIABLE = YES;
				IPHONEOS_DEPLOYMENT_TARGET = 11.2;
				MTL_ENABLE_DEBUG_INFO = NO;
				SDKROOT = iphoneos;
				SWIFT_OPTIMIZATION_LEVEL = "-Owholemodule";
				VALIDATE_PRODUCT = YES;
			};
			name = Release;
		};
		646051C51FDCB1F60012156D /* Debug */ = {
			isa = XCBuildConfiguration;
			buildSettings = {
				ASSETCATALOG_COMPILER_APPICON_NAME = AppIcon;
				CODE_SIGN_STYLE = Automatic;
				DEVELOPMENT_TEAM = MW5HV27PJH;
				INFOPLIST_FILE = QuickGames/Info.plist;
				LD_RUNPATH_SEARCH_PATHS = "$(inherited) @executable_path/Frameworks";
				PRODUCT_BUNDLE_IDENTIFIER = com.lilysong.ios.QuickGames;
				PRODUCT_NAME = "$(TARGET_NAME)";
				SWIFT_VERSION = 4.0;
				TARGETED_DEVICE_FAMILY = "1,2";
			};
			name = Debug;
		};
		646051C61FDCB1F60012156D /* Release */ = {
			isa = XCBuildConfiguration;
			buildSettings = {
				ASSETCATALOG_COMPILER_APPICON_NAME = AppIcon;
				CODE_SIGN_STYLE = Automatic;
				DEVELOPMENT_TEAM = MW5HV27PJH;
				INFOPLIST_FILE = QuickGames/Info.plist;
				LD_RUNPATH_SEARCH_PATHS = "$(inherited) @executable_path/Frameworks";
				PRODUCT_BUNDLE_IDENTIFIER = com.lilysong.ios.QuickGames;
				PRODUCT_NAME = "$(TARGET_NAME)";
				SWIFT_VERSION = 4.0;
				TARGETED_DEVICE_FAMILY = "1,2";
			};
			name = Release;
		};
/* End XCBuildConfiguration section */

/* Begin XCConfigurationList section */
		6422019F200927FC0046CC28 /* Build configuration list for PBXNativeTarget "TicTacToeTests" */ = {
			isa = XCConfigurationList;
			buildConfigurations = (
				6422019D200927FC0046CC28 /* Debug */,
				6422019E200927FC0046CC28 /* Release */,
			);
			defaultConfigurationIsVisible = 0;
			defaultConfigurationName = Release;
		};
		642201AB200929630046CC28 /* Build configuration list for PBXNativeTarget "QuickGamesTests" */ = {
			isa = XCConfigurationList;
			buildConfigurations = (
				642201AC200929630046CC28 /* Debug */,
				642201AD200929630046CC28 /* Release */,
			);
			defaultConfigurationIsVisible = 0;
			defaultConfigurationName = Release;
		};
		646051AD1FDCB1F60012156D /* Build configuration list for PBXProject "QuickGames" */ = {
			isa = XCConfigurationList;
			buildConfigurations = (
				646051C21FDCB1F60012156D /* Debug */,
				646051C31FDCB1F60012156D /* Release */,
			);
			defaultConfigurationIsVisible = 0;
			defaultConfigurationName = Release;
		};
		646051C41FDCB1F60012156D /* Build configuration list for PBXNativeTarget "QuickGames" */ = {
			isa = XCConfigurationList;
			buildConfigurations = (
				646051C51FDCB1F60012156D /* Debug */,
				646051C61FDCB1F60012156D /* Release */,
			);
			defaultConfigurationIsVisible = 0;
			defaultConfigurationName = Release;
		};
/* End XCConfigurationList section */
	};
	rootObject = 646051AA1FDCB1F60012156D /* Project object */;
}
